{
	"name": "@rayo/compress",
	"version": "1.1.16",
	"lockfileVersion": 1,
	"requires": true,
	"dependencies": {
		"compressible": {
			"version": "2.0.17",
			"resolved": "https://registry.npmjs.org/compressible/-/compressible-2.0.17.tgz",
			"integrity": "sha512-BGHeLCK1GV7j1bSmQQAi26X+GgWcTjLr/0tzSvMCl3LH1w1IJ4PFSPoV5316b30cneTziC+B1a+3OjoSUcQYmw==",
			"requires": {
				"mime-db": ">= 1.40.0 < 2"
			}
		},
		"mime-db": {
			"version": "1.40.0",
			"resolved": "https://registry.npmjs.org/mime-db/-/mime-db-1.40.0.tgz",
			"integrity": "sha512-jYdeOMPy9vnxEqFRRo6ZvTZ8d9oPb+k18PKoYNYUe2stVEBPPwsln/qWzdbmaIvnhZ9v2P+CuecK+fpUfsV2mA=="
		}
	}
}
