{
	"name": "@rayo/compress",
	"version": "1.1.13",
	"lockfileVersion": 1,
	"requires": true,
	"dependencies": {
		"compressible": {
			"version": "2.0.16",
			"resolved": "https://registry.npmjs.org/compressible/-/compressible-2.0.16.tgz",
			"integrity": "sha512-JQfEOdnI7dASwCuSPWIeVYwc/zMsu/+tRhoUvEfXz2gxOA2DNjmG5vhtFdBlhWPPGo+RdT9S3tgc/uH5qgDiiA==",
			"requires": {
				"mime-db": ">= 1.38.0 < 2"
			}
		},
		"mime-db": {
			"version": "1.38.0",
			"resolved": "https://registry.npmjs.org/mime-db/-/mime-db-1.38.0.tgz",
			"integrity": "sha512-bqVioMFFzc2awcdJZIzR3HjZFX20QhilVS7hytkKrv7xFAn8bM1gzc/FOX2awLISvWe0PV8ptFKcon+wZ5qYkg=="
		}
	}
}
