{
	"name": "@rayo/compress",
	"version": "1.1.9",
	"lockfileVersion": 1,
	"requires": true,
	"dependencies": {
		"compressible": {
			"version": "2.0.14",
			"resolved": "https://registry.npmjs.org/compressible/-/compressible-2.0.14.tgz",
			"integrity": "sha1-MmxfUH+7BV9UEWeCuWmoG2einac=",
			"requires": {
				"mime-db": ">= 1.34.0 < 2"
			}
		},
		"mime-db": {
			"version": "1.35.0",
			"resolved": "https://registry.npmjs.org/mime-db/-/mime-db-1.35.0.tgz",
			"integrity": "sha512-JWT/IcCTsB0Io3AhWUMjRqucrHSPsSf2xKLaRldJVULioggvkJvggZ3VXNNSRkCddE6D+BUI4HEIZIA2OjwIvg=="
		}
	}
}
