{
	"name": "rayo",
	"version": "1.3.4",
	"lockfileVersion": 1,
	"requires": true,
	"dependencies": {
		"@arr/every": {
			"version": "1.0.0",
			"resolved": "https://registry.npmjs.org/@arr/every/-/every-1.0.0.tgz",
			"integrity": "sha1-MU+BaPUK5IoDLP2tX9tDb0ZKl6w="
		},
		"@rayo/storm": {
			"version": "1.2.0",
			"resolved": "https://registry.npmjs.org/@rayo/storm/-/storm-1.2.0.tgz",
			"integrity": "sha512-ti+hi58MkKnjSj6SXOO+VssaFZMa0sGNU7Qazj6yLjZa7STUDm5U0A8AfBF3b2UQXmzL/av5tKihHqkwGMhkFQ==",
			"requires": {
				"parseurl": "^1.3.3"
			}
		},
		"matchit": {
			"version": "1.0.8",
			"resolved": "https://registry.npmjs.org/matchit/-/matchit-1.0.8.tgz",
			"integrity": "sha512-CwPPICzozd/ezCzpVwGYG5bMVieaapnA0vvHDQnmQ2u2vZtVLynoPmvFsZjL67hFOvTBhhpqSR0bq3uloDP/Rw==",
			"requires": {
				"@arr/every": "^1.0.0"
			}
		},
		"parseurl": {
			"version": "1.3.3",
			"resolved": "https://registry.npmjs.org/parseurl/-/parseurl-1.3.3.tgz",
			"integrity": "sha512-CiyeOxFT/JZyN5m0z9PfXw4SCBJ6Sygz1Dpl0wqjlhDEGGBP1GnsUVEL0p63hoG1fcj3fHynXi9NYO4nWOL+qQ=="
		}
	}
}
