{
  "name": "rayo",
  "version": "1.4.2",
  "lockfileVersion": 2,
  "requires": true,
  "packages": {
    "": {
      "name": "rayo",
      "version": "1.4.2",
      "license": "MIT",
      "dependencies": {
        "@rayo/storm": "^1.3.2",
        "matchit": "^1.1.0",
        "parseurl": "^1.3.3"
      },
      "engines": {
        "node": ">14"
      }
    },
    "node_modules/@arr/every": {
      "version": "1.0.1",
      "resolved": "https://registry.npmjs.org/@arr/every/-/every-1.0.1.tgz",
      "integrity": "sha512-UQFQ6SgyJ6LX42W8rHCs8KVc0JS0tzVL9ct4XYedJukskYVWTo49tNiMEK9C2HTyarbNiT/RVIRSY82vH+6sTg==",
      "engines": {
        "node": ">=4"
      }
    },
    "node_modules/@rayo/storm": {
      "version": "1.3.0",
      "resolved": "https://registry.npmjs.org/@rayo/storm/-/storm-1.3.0.tgz",
      "integrity": "sha512-jnB9xlNvvyNSP4bo0Sx4o18Ymy7Dnk5igmX3wrK3WVj43Vzi/oWTvn1lgMSFsg1qsh42GgiCaTkw3T0XDGFj+g==",
      "dependencies": {
        "parseurl": "^1.3.3"
      },
      "engines": {
        "node": ">14"
      }
    },
    "node_modules/matchit": {
      "version": "1.1.0",
      "resolved": "https://registry.npmjs.org/matchit/-/matchit-1.1.0.tgz",
      "integrity": "sha512-+nGYoOlfHmxe5BW5tE0EMJppXEwdSf8uBA1GTZC7Q77kbT35+VKLYJMzVNWCHSsga1ps1tPYFtFyvxvKzWVmMA==",
      "dependencies": {
        "@arr/every": "^1.0.0"
      },
      "engines": {
        "node": ">=6"
      }
    },
    "node_modules/parseurl": {
      "version": "1.3.3",
      "resolved": "https://registry.npmjs.org/parseurl/-/parseurl-1.3.3.tgz",
      "integrity": "sha512-CiyeOxFT/JZyN5m0z9PfXw4SCBJ6Sygz1Dpl0wqjlhDEGGBP1GnsUVEL0p63hoG1fcj3fHynXi9NYO4nWOL+qQ==",
      "engines": {
        "node": ">= 0.8"
      }
    }
  },
  "dependencies": {
    "@arr/every": {
      "version": "1.0.1",
      "resolved": "https://registry.npmjs.org/@arr/every/-/every-1.0.1.tgz",
      "integrity": "sha512-UQFQ6SgyJ6LX42W8rHCs8KVc0JS0tzVL9ct4XYedJukskYVWTo49tNiMEK9C2HTyarbNiT/RVIRSY82vH+6sTg=="
    },
    "@rayo/storm": {
      "version": "1.3.0",
      "resolved": "https://registry.npmjs.org/@rayo/storm/-/storm-1.3.0.tgz",
      "integrity": "sha512-jnB9xlNvvyNSP4bo0Sx4o18Ymy7Dnk5igmX3wrK3WVj43Vzi/oWTvn1lgMSFsg1qsh42GgiCaTkw3T0XDGFj+g==",
      "requires": {
        "parseurl": "^1.3.3"
      }
    },
    "matchit": {
      "version": "1.1.0",
      "resolved": "https://registry.npmjs.org/matchit/-/matchit-1.1.0.tgz",
      "integrity": "sha512-+nGYoOlfHmxe5BW5tE0EMJppXEwdSf8uBA1GTZC7Q77kbT35+VKLYJMzVNWCHSsga1ps1tPYFtFyvxvKzWVmMA==",
      "requires": {
        "@arr/every": "^1.0.0"
      }
    },
    "parseurl": {
      "version": "1.3.3",
      "resolved": "https://registry.npmjs.org/parseurl/-/parseurl-1.3.3.tgz",
      "integrity": "sha512-CiyeOxFT/JZyN5m0z9PfXw4SCBJ6Sygz1Dpl0wqjlhDEGGBP1GnsUVEL0p63hoG1fcj3fHynXi9NYO4nWOL+qQ=="
    }
  }
}
