{
	"name": "rayo",
	"version": "1.3.4",
	"lockfileVersion": 1,
	"requires": true,
	"dependencies": {
		"@arr/every": {
			"version": "1.0.0",
			"resolved": "https://registry.npmjs.org/@arr/every/-/every-1.0.0.tgz",
			"integrity": "sha1-MU+BaPUK5IoDLP2tX9tDb0ZKl6w="
		},
		"@rayo/storm": {
			"version": "1.1.11",
			"resolved": "https://registry.npmjs.org/@rayo/storm/-/storm-1.1.11.tgz",
			"integrity": "sha512-4khKqxoUEMk7i4i41oPKpTDtMc8vgLOS+7sOwh/rLxVQ1t3DkO4YQnq/kBn6iLUXzxV+9qik7RuS8g0sNljKNQ==",
			"requires": {
				"parseurl": "^1.3.3",
				"pino": "^5.12.6"
			}
		},
		"fast-redact": {
			"version": "2.0.0",
			"resolved": "https://registry.npmjs.org/fast-redact/-/fast-redact-2.0.0.tgz",
			"integrity": "sha512-zxpkULI9W9MNTK2sJ3BpPQrTEXFNESd2X6O1tXMFpK/XM0G5c5Rll2EVYZH2TqI3xRGK/VaJ+eEOt7pnENJpeA=="
		},
		"fast-safe-stringify": {
			"version": "2.0.7",
			"resolved": "https://registry.npmjs.org/fast-safe-stringify/-/fast-safe-stringify-2.0.7.tgz",
			"integrity": "sha512-Utm6CdzT+6xsDk2m8S6uL8VHxNwI6Jub+e9NYTcAms28T84pTa25GJQV9j0CY0N1rM8hK4x6grpF2BQf+2qwVA=="
		},
		"flatstr": {
			"version": "1.0.12",
			"resolved": "https://registry.npmjs.org/flatstr/-/flatstr-1.0.12.tgz",
			"integrity": "sha512-4zPxDyhCyiN2wIAtSLI6gc82/EjqZc1onI4Mz/l0pWrAlsSfYH/2ZIcU+e3oA2wDwbzIWNKwa23F8rh6+DRWkw=="
		},
		"matchit": {
			"version": "1.0.8",
			"resolved": "https://registry.npmjs.org/matchit/-/matchit-1.0.8.tgz",
			"integrity": "sha512-CwPPICzozd/ezCzpVwGYG5bMVieaapnA0vvHDQnmQ2u2vZtVLynoPmvFsZjL67hFOvTBhhpqSR0bq3uloDP/Rw==",
			"requires": {
				"@arr/every": "^1.0.0"
			}
		},
		"parseurl": {
			"version": "1.3.3",
			"resolved": "https://registry.npmjs.org/parseurl/-/parseurl-1.3.3.tgz",
			"integrity": "sha512-CiyeOxFT/JZyN5m0z9PfXw4SCBJ6Sygz1Dpl0wqjlhDEGGBP1GnsUVEL0p63hoG1fcj3fHynXi9NYO4nWOL+qQ=="
		},
		"pino": {
			"version": "5.14.0",
			"resolved": "https://registry.npmjs.org/pino/-/pino-5.14.0.tgz",
			"integrity": "sha512-Vj1f2wAojTGesogT0hsA/ua8ALltCOBCcA1nkEoDfnTsVWpgBu5UVSY7OdjiGmrMOKHBm24nd3nKXzyPUYJ3ig==",
			"requires": {
				"fast-redact": "^2.0.0",
				"fast-safe-stringify": "^2.0.7",
				"flatstr": "^1.0.12",
				"pino-std-serializers": "^2.4.2",
				"quick-format-unescaped": "^3.0.3",
				"sonic-boom": "^0.7.5"
			}
		},
		"pino-std-serializers": {
			"version": "2.4.2",
			"resolved": "https://registry.npmjs.org/pino-std-serializers/-/pino-std-serializers-2.4.2.tgz",
			"integrity": "sha512-WaL504dO8eGs+vrK+j4BuQQq6GLKeCCcHaMB2ItygzVURcL1CycwNEUHTD/lHFHs/NL5qAz2UKrjYWXKSf4aMQ=="
		},
		"quick-format-unescaped": {
			"version": "3.0.3",
			"resolved": "https://registry.npmjs.org/quick-format-unescaped/-/quick-format-unescaped-3.0.3.tgz",
			"integrity": "sha512-dy1yjycmn9blucmJLXOfZDx1ikZJUi6E8bBZLnhPG5gBrVhHXx2xVyqqgKBubVNEXmx51dBACMHpoMQK/N/AXQ=="
		},
		"sonic-boom": {
			"version": "0.7.6",
			"resolved": "https://registry.npmjs.org/sonic-boom/-/sonic-boom-0.7.6.tgz",
			"integrity": "sha512-k9E2QQ4zxuVRLDW+ZW6ISzJs3wlEorVdmM7ApDgor7wsGKSDG5YGHsGmgLY4XYh4DMlr/2ap2BWAE7yTFJtWnQ==",
			"requires": {
				"flatstr": "^1.0.12"
			}
		}
	}
}
