{
	"name": "@rayo/storm",
	"version": "1.1.6",
	"lockfileVersion": 1,
	"requires": true,
	"dependencies": {
		"fast-redact": {
			"version": "1.4.3",
			"resolved": "https://registry.npmjs.org/fast-redact/-/fast-redact-1.4.3.tgz",
			"integrity": "sha512-x4qQsA2zOcVuUBHv80EURely8MiAOTR3Z6T1Od82LzFbthhq7DXVUdxwfxtvP9hNCvd+rdcY9qMipK0YDTwWCw=="
		},
		"fast-safe-stringify": {
			"version": "2.0.6",
			"resolved": "https://registry.npmjs.org/fast-safe-stringify/-/fast-safe-stringify-2.0.6.tgz",
			"integrity": "sha512-q8BZ89jjc+mz08rSxROs8VsrBBcn1SIw1kq9NjolL509tkABRk9io01RAjSaEv1Xb2uFLt8VtRiZbGp5H8iDtg=="
		},
		"flatstr": {
			"version": "1.0.9",
			"resolved": "https://registry.npmjs.org/flatstr/-/flatstr-1.0.9.tgz",
			"integrity": "sha512-qFlJnOBWDfIaunF54/lBqNKmXOI0HqNhu+mHkLmbaBXlS71PUd9OjFOdyevHt/aHoHB1+eW7eKHgRKOG5aHSpw=="
		},
		"parseurl": {
			"version": "1.3.2",
			"resolved": "https://registry.npmjs.org/parseurl/-/parseurl-1.3.2.tgz",
			"integrity": "sha1-/CidTtiZMRlGDBViUyYs3I3mW/M="
		},
		"pino": {
			"version": "5.11.1",
			"resolved": "https://registry.npmjs.org/pino/-/pino-5.11.1.tgz",
			"integrity": "sha512-NIua0mGb9Adknq35ONvQmvh93LCUVUjp2+1q1EcvIkJmpJnSd3E5rHVKlKNjzMXFl/z3fI+QA0xXCjPEKNiLvQ==",
			"requires": {
				"fast-redact": "^1.4.2",
				"fast-safe-stringify": "^2.0.6",
				"flatstr": "^1.0.9",
				"pino-std-serializers": "^2.3.0",
				"quick-format-unescaped": "^3.0.0",
				"sonic-boom": "^0.7.1"
			}
		},
		"pino-std-serializers": {
			"version": "2.3.0",
			"resolved": "https://registry.npmjs.org/pino-std-serializers/-/pino-std-serializers-2.3.0.tgz",
			"integrity": "sha512-klfGoOsP6sJH7ON796G4xoUSx2fkpFgKHO4YVVO2zmz31jR+etzc/QzGJILaOIiCD6HTCFgkPx+XN8nk+ruqPw=="
		},
		"quick-format-unescaped": {
			"version": "3.0.2",
			"resolved": "https://registry.npmjs.org/quick-format-unescaped/-/quick-format-unescaped-3.0.2.tgz",
			"integrity": "sha512-FXTaCkwvpIlkdKeGDNgcq07SXWS383noQUuZjvdE1QcTt+eLuqof6/BDiEPqB59FWLie/l91+HtlJSw7iCViSA=="
		},
		"sonic-boom": {
			"version": "0.7.3",
			"resolved": "https://registry.npmjs.org/sonic-boom/-/sonic-boom-0.7.3.tgz",
			"integrity": "sha512-A9EyoIeLD+g9vMLYQKjNCatJtAKdBQMW03+L8ZWWX/A6hq+srRCwdqHrBD1R8oSMLXov3oHN13dljtZf12q2Ow==",
			"requires": {
				"flatstr": "^1.0.9"
			}
		}
	}
}
