{
	"name": "@rayo/storm",
	"version": "1.1.8",
	"lockfileVersion": 1,
	"requires": true,
	"dependencies": {
		"fast-redact": {
			"version": "1.5.0",
			"resolved": "https://registry.npmjs.org/fast-redact/-/fast-redact-1.5.0.tgz",
			"integrity": "sha512-Afo61CgUjkzdvOKDHn08qnZ0kwck38AOGcMlvSGzvJbIab6soAP5rdoQayecGCDsD69AiF9vJBXyq31eoEO2tQ=="
		},
		"fast-safe-stringify": {
			"version": "2.0.6",
			"resolved": "https://registry.npmjs.org/fast-safe-stringify/-/fast-safe-stringify-2.0.6.tgz",
			"integrity": "sha512-q8BZ89jjc+mz08rSxROs8VsrBBcn1SIw1kq9NjolL509tkABRk9io01RAjSaEv1Xb2uFLt8VtRiZbGp5H8iDtg=="
		},
		"flatstr": {
			"version": "1.0.11",
			"resolved": "https://registry.npmjs.org/flatstr/-/flatstr-1.0.11.tgz",
			"integrity": "sha512-CrkRmL8HgArqohPW5udNdtVae+fj5tvJdHwoo91m5OvaLk1a4lqa0R4/aPUO2zbVEnIrk+i5uTVNbSxaR1dQkQ=="
		},
		"parseurl": {
			"version": "1.3.3",
			"resolved": "https://registry.npmjs.org/parseurl/-/parseurl-1.3.3.tgz",
			"integrity": "sha512-CiyeOxFT/JZyN5m0z9PfXw4SCBJ6Sygz1Dpl0wqjlhDEGGBP1GnsUVEL0p63hoG1fcj3fHynXi9NYO4nWOL+qQ=="
		},
		"pino": {
			"version": "5.12.4",
			"resolved": "https://registry.npmjs.org/pino/-/pino-5.12.4.tgz",
			"integrity": "sha512-In/JKBWClhVjwLnxKF8kbqsQBPxy6BSCkAAJFOf5VOGXC6JKe51YJ0mUn2UF8ro4D9P5e7QUCFf+0TTgIS6BGw==",
			"requires": {
				"fast-redact": "^1.4.4",
				"fast-safe-stringify": "^2.0.6",
				"flatstr": "^1.0.9",
				"pino-std-serializers": "^2.3.0",
				"quick-format-unescaped": "^3.0.2",
				"sonic-boom": "^0.7.3"
			}
		},
		"pino-std-serializers": {
			"version": "2.4.1",
			"resolved": "https://registry.npmjs.org/pino-std-serializers/-/pino-std-serializers-2.4.1.tgz",
			"integrity": "sha512-v/JglhO0aFcvkMV9VUxhgyuJo8K1si857Ww86Tx8H2cjC/kp0ndzzcF6Vbxr4RgKFYJdHfLVpEuD55znMZuxnw=="
		},
		"quick-format-unescaped": {
			"version": "3.0.2",
			"resolved": "https://registry.npmjs.org/quick-format-unescaped/-/quick-format-unescaped-3.0.2.tgz",
			"integrity": "sha512-FXTaCkwvpIlkdKeGDNgcq07SXWS383noQUuZjvdE1QcTt+eLuqof6/BDiEPqB59FWLie/l91+HtlJSw7iCViSA=="
		},
		"sonic-boom": {
			"version": "0.7.3",
			"resolved": "https://registry.npmjs.org/sonic-boom/-/sonic-boom-0.7.3.tgz",
			"integrity": "sha512-A9EyoIeLD+g9vMLYQKjNCatJtAKdBQMW03+L8ZWWX/A6hq+srRCwdqHrBD1R8oSMLXov3oHN13dljtZf12q2Ow==",
			"requires": {
				"flatstr": "^1.0.9"
			}
		}
	}
}
